
Microsoft Visual Studio Solution File, Format Version 12.00
# Visual Studio Version 16
VisualStudioVersion = 16.0.810.17
MinimumVisualStudioVersion = 10.0.40219.1
Project("{FAE04EC0-301F-11D3-BF4B-00C04F79EFBC}") = "maui", "maui\maui.csproj", "{86938F51-9CFA-4411-A4D9-E6AC5693E141}"
EndProject
Global
	GlobalSection(SolutionConfigurationPlatforms) = preSolution
		Debug|iPhoneSimulator = Debug|iPhoneSimulator
		Release|iPhoneSimulator = Release|iPhoneSimulator
		Debug|iPhone = Debug|iPhone
		Release|iPhone = Release|iPhone
	EndGlobalSection
	GlobalSection(ProjectConfigurationPlatforms) = postSolution
		{86938F51-9CFA-4411-A4D9-E6AC5693E141}.Debug|iPhoneSimulator.ActiveCfg = Debug|iPhoneSimulator
		{86938F51-9CFA-4411-A4D9-E6AC5693E141}.Debug|iPhoneSimulator.Build.0 = Debug|iPhoneSimulator
		{86938F51-9CFA-4411-A4D9-E6AC5693E141}.Release|iPhoneSimulator.ActiveCfg = Release|iPhoneSimulator
		{86938F51-9CFA-4411-A4D9-E6AC5693E141}.Release|iPhoneSimulator.Build.0 = Release|iPhoneSimulator
		{86938F51-9CFA-4411-A4D9-E6AC5693E141}.Debug|iPhone.ActiveCfg = Debug|iPhone
		{86938F51-9CFA-4411-A4D9-E6AC5693E141}.Debug|iPhone.Build.0 = Debug|iPhone
		{86938F51-9CFA-4411-A4D9-E6AC5693E141}.Release|iPhone.ActiveCfg = Release|iPhone
		{86938F51-9CFA-4411-A4D9-E6AC5693E141}.Release|iPhone.Build.0 = Release|iPhone
	EndGlobalSection
	GlobalSection(SolutionProperties) = preSolution
		HideSolutionNode = FALSE
	EndGlobalSection
	GlobalSection(ExtensibilityGlobals) = postSolution
		SolutionGuid = {97292CC0-A252-4DAE-B431-7349859F3E73}
	EndGlobalSection
EndGlobal
